
Microsoft Visual Studio Solution File, Format Version 12.00
# Visual Studio 2012
Project("{FAE04EC0-301F-11D3-BF4B-00C04F79EFBC}") = "ConcurrencyAndIsolationOnTransaction", "ConsoleApplication1\ConcurrencyAndIsolationOnTransaction.csproj", "{DFA27F76-87DF-4238-8F89-B93C59E41717}"
EndProject
Global
	GlobalSection(SolutionConfigurationPlatforms) = preSolution
		Debug|Any CPU = Debug|Any CPU
		Release|Any CPU = Release|Any CPU
	EndGlobalSection
	GlobalSection(ProjectConfigurationPlatforms) = postSolution
		{DFA27F76-87DF-4238-8F89-B93C59E41717}.Debug|Any CPU.ActiveCfg = Debug|Any CPU
		{DFA27F76-87DF-4238-8F89-B93C59E41717}.Debug|Any CPU.Build.0 = Debug|Any CPU
		{DFA27F76-87DF-4238-8F89-B93C59E41717}.Release|Any CPU.ActiveCfg = Release|Any CPU
		{DFA27F76-87DF-4238-8F89-B93C59E41717}.Release|Any CPU.Build.0 = Release|Any CPU
	EndGlobalSection
	GlobalSection(SolutionProperties) = preSolution
		HideSolutionNode = FALSE
	EndGlobalSection
EndGlobal
